
Microsoft Visual Studio Solution File, Format Version 12.00
# Visual Studio 15
VisualStudioVersion = 15.0.27130.2010
MinimumVisualStudioVersion = 10.0.40219.1
Project("{FAE04EC0-301F-11D3-BF4B-00C04F79EFBC}") = "PAA", "PAA\PAA.csproj", "{2D46948A-BC0F-4689-B9F1-F9A208EED426}"
EndProject
Global
	GlobalSection(SolutionConfigurationPlatforms) = preSolution
		Debug|Any CPU = Debug|Any CPU
		Release|Any CPU = Release|Any CPU
	EndGlobalSection
	GlobalSection(ProjectConfigurationPlatforms) = postSolution
		{2D46948A-BC0F-4689-B9F1-F9A208EED426}.Debug|Any CPU.ActiveCfg = Debug|Any CPU
		{2D46948A-BC0F-4689-B9F1-F9A208EED426}.Debug|Any CPU.Build.0 = Debug|Any CPU
		{2D46948A-BC0F-4689-B9F1-F9A208EED426}.Release|Any CPU.ActiveCfg = Release|Any CPU
		{2D46948A-BC0F-4689-B9F1-F9A208EED426}.Release|Any CPU.Build.0 = Release|Any CPU
	EndGlobalSection
	GlobalSection(SolutionProperties) = preSolution
		HideSolutionNode = FALSE
	EndGlobalSection
	GlobalSection(ExtensibilityGlobals) = postSolution
		SolutionGuid = {5D761682-FCC9-4DBD-8349-E90AFCD31B7C}
	EndGlobalSection
EndGlobal
